<?xml version="1.0" encoding="utf-8"?>
<Project ToolsVersion="4.0" xmlns="http://schemas.microsoft.com/developer/msbuild/2003">
  <ItemGroup>
    <Filter Include="Source Files">
      <UniqueIdentifier>{4FC737F1-C7A5-4376-A066-2A32D752A2FF}</UniqueIdentifier>
      <Extensions>cpp;c;cc;cxx;def;odl;idl;hpj;bat;asm;asmx</Extensions>
    </Filter>
    <Filter Include="Header Files">
      <UniqueIdentifier>{93995380-89BD-4b04-88EB-625FBE52EBFB}</UniqueIdentifier>
      <Extensions>h;hh;hpp;hxx;hm;inl;inc;ipp;xsd</Extensions>
    </Filter>
    <Filter Include="Resource Files">
      <UniqueIdentifier>{67DA6AB6-F800-4c08-8B7A-83BB121AAD01}</UniqueIdentifier>
      <Extensions>rc;ico;cur;bmp;dlg;rc2;rct;bin;rgs;gif;jpg;jpeg;jpe;resx;tiff;tif;png;wav;mfcribbon-ms</Extensions>
    </Filter>
    <Filter Include="ImGui">
      <UniqueIdentifier>{cb130eb5-b18b-47e5-a67e-f1757ecb7064}</UniqueIdentifier>
    </Filter>
    <Filter Include="Source Files\Curl">
      <UniqueIdentifier>{9eccd336-4a1d-4cdb-ac90-4c801b249719}</UniqueIdentifier>
    </Filter>
    <Filter Include="Source Files\Global">
      <UniqueIdentifier>{b528db5b-256a-4a5e-aa20-95fb8e02fa6b}</UniqueIdentifier>
    </Filter>
    <Filter Include="Source Files\ImGui">
      <UniqueIdentifier>{efa2aa87-89c3-4536-a37e-bc577f94d98f}</UniqueIdentifier>
    </Filter>
    <Filter Include="Header Files\Curl">
      <UniqueIdentifier>{348c35cd-8f69-45cb-8359-c2252f5eef7f}</UniqueIdentifier>
    </Filter>
    <Filter Include="Header Files\ImGui">
      <UniqueIdentifier>{125dbea0-0564-452f-afd7-f519ba259159}</UniqueIdentifier>
    </Filter>
    <Filter Include="Header Files\Global">
      <UniqueIdentifier>{4d8eba83-ceeb-4d1d-a557-f474a9dcc23f}</UniqueIdentifier>
    </Filter>
    <Filter Include="Header Files\Random">
      <UniqueIdentifier>{f5a32e02-44e6-4cae-a4c7-526a1bf674af}</UniqueIdentifier>
    </Filter>
  </ItemGroup>
  <ItemGroup>
    <ClCompile Include="Source.cpp">
      <Filter>Source Files</Filter>
    </ClCompile>
    <ClCompile Include="ImGui\imgui.cpp">
      <Filter>ImGui</Filter>
    </ClCompile>
    <ClCompile Include="ImGui\imgui_demo.cpp">
      <Filter>ImGui</Filter>
    </ClCompile>
    <ClCompile Include="ImGui\imgui_draw.cpp">
      <Filter>ImGui</Filter>
    </ClCompile>
    <ClCompile Include="ImGui\imgui_impl_dx9.cpp">
      <Filter>ImGui</Filter>
    </ClCompile>
    <ClCompile Include="CurlClass.cpp">
      <Filter>Source Files\Curl</Filter>
    </ClCompile>
    <ClCompile Include="GetPostData.cpp">
      <Filter>Source Files\Curl</Filter>
    </ClCompile>
    <ClCompile Include="SGlobal.cpp">
      <Filter>Source Files\Global</Filter>
    </ClCompile>
    <ClCompile Include="ImGuiHeader.cpp">
      <Filter>Source Files\ImGui</Filter>
    </ClCompile>
  </ItemGroup>
  <ItemGroup>
    <ClInclude Include="ImGui\imconfig.h">
      <Filter>ImGui</Filter>
    </ClInclude>
    <ClInclude Include="ImGui\imgui.h">
      <Filter>ImGui</Filter>
    </ClInclude>
    <ClInclude Include="ImGui\imgui_impl_dx9.h">
      <Filter>ImGui</Filter>
    </ClInclude>
    <ClInclude Include="ImGui\imgui_internal.h">
      <Filter>ImGui</Filter>
    </ClInclude>
    <ClInclude Include="ImGui\stb_rect_pack.h">
      <Filter>ImGui</Filter>
    </ClInclude>
    <ClInclude Include="ImGui\stb_textedit.h">
      <Filter>ImGui</Filter>
    </ClInclude>
    <ClInclude Include="ImGui\stb_truetype.h">
      <Filter>ImGui</Filter>
    </ClInclude>
    <ClInclude Include="SGlobal.h">
      <Filter>Header Files\Global</Filter>
    </ClInclude>
    <ClInclude Include="CurlClass.h">
      <Filter>Header Files\Curl</Filter>
    </ClInclude>
    <ClInclude Include="GetPostData.h">
      <Filter>Header Files\Curl</Filter>
    </ClInclude>
    <ClInclude Include="ImGuiHeader.h">
      <Filter>Header Files\ImGui</Filter>
    </ClInclude>
    <ClInclude Include="stdafx.h">
      <Filter>Header Files\Random</Filter>
    </ClInclude>
    <ClInclude Include="termios.h">
      <Filter>Header Files\Random</Filter>
    </ClInclude>
    <ClInclude Include="unistd.h">
      <Filter>Header Files\Random</Filter>
    </ClInclude>
  </ItemGroup>
</Project>